
Microsoft Visual Studio Solution File, Format Version 12.00
# Visual Studio 15
VisualStudioVersion = 15.0.28307.2092
MinimumVisualStudioVersion = 10.0.40219.1
Project("{FAE04EC0-301F-11D3-BF4B-00C04F79EFBC}") = "Nhom5_QuanLySuaChuaBaoHanh", "Nhom5_QuanLySuaChuaBaoHanh\Nhom5_QuanLySuaChuaBaoHanh.csproj", "{186C65C0-198B-4C6A-8E5C-B40442CBDCB0}"
EndProject
Global
	GlobalSection(SolutionConfigurationPlatforms) = preSolution
		Debug|Any CPU = Debug|Any CPU
		Release|Any CPU = Release|Any CPU
	EndGlobalSection
	GlobalSection(ProjectConfigurationPlatforms) = postSolution
		{186C65C0-198B-4C6A-8E5C-B40442CBDCB0}.Debug|Any CPU.ActiveCfg = Debug|Any CPU
		{186C65C0-198B-4C6A-8E5C-B40442CBDCB0}.Debug|Any CPU.Build.0 = Debug|Any CPU
		{186C65C0-198B-4C6A-8E5C-B40442CBDCB0}.Release|Any CPU.ActiveCfg = Release|Any CPU
		{186C65C0-198B-4C6A-8E5C-B40442CBDCB0}.Release|Any CPU.Build.0 = Release|Any CPU
	EndGlobalSection
	GlobalSection(SolutionProperties) = preSolution
		HideSolutionNode = FALSE
	EndGlobalSection
	GlobalSection(ExtensibilityGlobals) = postSolution
		SolutionGuid = {285D7F36-33AA-422E-B2D4-C2A37D0A6854}
	EndGlobalSection
EndGlobal
